
Microsoft Visual Studio Solution File, Format Version 12.00
# Visual Studio Version 17
VisualStudioVersion = 17.9.34701.34
MinimumVisualStudioVersion = 10.0.40219.1
Project("{FAE04EC0-301F-11D3-BF4B-00C04F79EFBC}") = "Anyar(1)", "Anyar(1).csproj", "{CC83B968-A45A-4E6E-928B-717D64D11AF1}"
EndProject
Global
	GlobalSection(SolutionConfigurationPlatforms) = preSolution
		Debug|Any CPU = Debug|Any CPU
		Release|Any CPU = Release|Any CPU
	EndGlobalSection
	GlobalSection(ProjectConfigurationPlatforms) = postSolution
		{CC83B968-A45A-4E6E-928B-717D64D11AF1}.Debug|Any CPU.ActiveCfg = Debug|Any CPU
		{CC83B968-A45A-4E6E-928B-717D64D11AF1}.Debug|Any CPU.Build.0 = Debug|Any CPU
		{CC83B968-A45A-4E6E-928B-717D64D11AF1}.Release|Any CPU.ActiveCfg = Release|Any CPU
		{CC83B968-A45A-4E6E-928B-717D64D11AF1}.Release|Any CPU.Build.0 = Release|Any CPU
	EndGlobalSection
	GlobalSection(SolutionProperties) = preSolution
		HideSolutionNode = FALSE
	EndGlobalSection
	GlobalSection(ExtensibilityGlobals) = postSolution
		SolutionGuid = {8FACA435-03DE-4DB0-9674-C20FBE18555C}
	EndGlobalSection
EndGlobal
